
Microsoft Visual Studio Solution File, Format Version 12.00
# Visual Studio Version 16
VisualStudioVersion = 16.0.29020.237
MinimumVisualStudioVersion = 10.0.40219.1
Project("{FAE04EC0-301F-11D3-BF4B-00C04F79EFBC}") = "PermissionMVC5", "PermissionMVC5\PermissionMVC5.csproj", "{6E58A368-6E8C-47A0-A58E-46BF434B20AA}"
EndProject
Global
	GlobalSection(SolutionConfigurationPlatforms) = preSolution
		Debug|Any CPU = Debug|Any CPU
		Release|Any CPU = Release|Any CPU
	EndGlobalSection
	GlobalSection(ProjectConfigurationPlatforms) = postSolution
		{6E58A368-6E8C-47A0-A58E-46BF434B20AA}.Debug|Any CPU.ActiveCfg = Debug|Any CPU
		{6E58A368-6E8C-47A0-A58E-46BF434B20AA}.Debug|Any CPU.Build.0 = Debug|Any CPU
		{6E58A368-6E8C-47A0-A58E-46BF434B20AA}.Release|Any CPU.ActiveCfg = Release|Any CPU
		{6E58A368-6E8C-47A0-A58E-46BF434B20AA}.Release|Any CPU.Build.0 = Release|Any CPU
	EndGlobalSection
	GlobalSection(SolutionProperties) = preSolution
		HideSolutionNode = FALSE
	EndGlobalSection
	GlobalSection(ExtensibilityGlobals) = postSolution
		SolutionGuid = {120DC3FE-0ABE-424E-B12E-E054745ADD29}
	EndGlobalSection
EndGlobal
